
Microsoft Visual Studio Solution File, Format Version 12.00
# Visual Studio 15
VisualStudioVersion = 15.0.28307.102
MinimumVisualStudioVersion = 10.0.40219.1
Project("{FAE04EC0-301F-11D3-BF4B-00C04F79EFBC}") = "ToWas.API", "ToWas.API\ToWas.API.csproj", "{79082AB4-1E3A-4293-B8A3-E5B0E6BA43EC}"
EndProject
Project("{FAE04EC0-301F-11D3-BF4B-00C04F79EFBC}") = "ToWas.Rdf", "ToWas.Rdf\ToWas.Rdf.csproj", "{56B16BE6-6650-4991-89C3-90E6EBDD6792}"
EndProject
Global
	GlobalSection(SolutionConfigurationPlatforms) = preSolution
		Debug|Any CPU = Debug|Any CPU
		Release|Any CPU = Release|Any CPU
	EndGlobalSection
	GlobalSection(ProjectConfigurationPlatforms) = postSolution
		{79082AB4-1E3A-4293-B8A3-E5B0E6BA43EC}.Debug|Any CPU.ActiveCfg = Debug|Any CPU
		{79082AB4-1E3A-4293-B8A3-E5B0E6BA43EC}.Debug|Any CPU.Build.0 = Debug|Any CPU
		{79082AB4-1E3A-4293-B8A3-E5B0E6BA43EC}.Release|Any CPU.ActiveCfg = Release|Any CPU
		{79082AB4-1E3A-4293-B8A3-E5B0E6BA43EC}.Release|Any CPU.Build.0 = Release|Any CPU
		{56B16BE6-6650-4991-89C3-90E6EBDD6792}.Debug|Any CPU.ActiveCfg = Debug|Any CPU
		{56B16BE6-6650-4991-89C3-90E6EBDD6792}.Debug|Any CPU.Build.0 = Debug|Any CPU
		{56B16BE6-6650-4991-89C3-90E6EBDD6792}.Release|Any CPU.ActiveCfg = Release|Any CPU
		{56B16BE6-6650-4991-89C3-90E6EBDD6792}.Release|Any CPU.Build.0 = Release|Any CPU
	EndGlobalSection
	GlobalSection(SolutionProperties) = preSolution
		HideSolutionNode = FALSE
	EndGlobalSection
	GlobalSection(ExtensibilityGlobals) = postSolution
		SolutionGuid = {3574ECA5-DC58-4FB7-8B38-57282DDEDEE1}
	EndGlobalSection
EndGlobal
